
Microsoft Visual Studio Solution File, Format Version 12.00
# Visual Studio 15
VisualStudioVersion = 15.0.26124.0
MinimumVisualStudioVersion = 15.0.26124.0
Project("{5D06B9D6-5BAF-4E4C-B35F-DD49B00B3A12}") = "NuciText.Obfuscation", "NuciText.Obfuscation\NuciText.Obfuscation.csproj", "{7B3EEE99-9C4F-4D50-BD6F-90C009399D36}"
EndProject
Project("{5D06B9D6-5BAF-4E4C-B35F-DD49B00B3A12}") = "NuciText.Obfuscation.UnitTests", "NuciText.Obfuscation.UnitTests\NuciText.Obfuscation.UnitTests.csproj", "{8F32C98E-A43C-4544-8E40-9EDE2CBFE427}"
EndProject
Global
	GlobalSection(SolutionConfigurationPlatforms) = preSolution
		Debug|Any CPU = Debug|Any CPU
		Debug|x64 = Debug|x64
		Debug|x86 = Debug|x86
		Release|Any CPU = Release|Any CPU
		Release|x64 = Release|x64
		Release|x86 = Release|x86
	EndGlobalSection
	GlobalSection(SolutionProperties) = preSolution
		HideSolutionNode = FALSE
	EndGlobalSection
	GlobalSection(ProjectConfigurationPlatforms) = postSolution
		{7B3EEE99-9C4F-4D50-BD6F-90C009399D36}.Debug|Any CPU.ActiveCfg = Debug|Any CPU
		{7B3EEE99-9C4F-4D50-BD6F-90C009399D36}.Debug|Any CPU.Build.0 = Debug|Any CPU
		{7B3EEE99-9C4F-4D50-BD6F-90C009399D36}.Debug|x64.ActiveCfg = Debug|Any CPU
		{7B3EEE99-9C4F-4D50-BD6F-90C009399D36}.Debug|x64.Build.0 = Debug|Any CPU
		{7B3EEE99-9C4F-4D50-BD6F-90C009399D36}.Debug|x86.ActiveCfg = Debug|Any CPU
		{7B3EEE99-9C4F-4D50-BD6F-90C009399D36}.Debug|x86.Build.0 = Debug|Any CPU
		{7B3EEE99-9C4F-4D50-BD6F-90C009399D36}.Release|Any CPU.ActiveCfg = Release|Any CPU
		{7B3EEE99-9C4F-4D50-BD6F-90C009399D36}.Release|Any CPU.Build.0 = Release|Any CPU
		{7B3EEE99-9C4F-4D50-BD6F-90C009399D36}.Release|x64.ActiveCfg = Release|Any CPU
		{7B3EEE99-9C4F-4D50-BD6F-90C009399D36}.Release|x64.Build.0 = Release|Any CPU
		{7B3EEE99-9C4F-4D50-BD6F-90C009399D36}.Release|x86.ActiveCfg = Release|Any CPU
		{7B3EEE99-9C4F-4D50-BD6F-90C009399D36}.Release|x86.Build.0 = Release|Any CPU
		{8F32C98E-A43C-4544-8E40-9EDE2CBFE427}.Debug|Any CPU.ActiveCfg = Debug|Any CPU
		{8F32C98E-A43C-4544-8E40-9EDE2CBFE427}.Debug|Any CPU.Build.0 = Debug|Any CPU
		{8F32C98E-A43C-4544-8E40-9EDE2CBFE427}.Debug|x64.ActiveCfg = Debug|Any CPU
		{8F32C98E-A43C-4544-8E40-9EDE2CBFE427}.Debug|x64.Build.0 = Debug|Any CPU
		{8F32C98E-A43C-4544-8E40-9EDE2CBFE427}.Debug|x86.ActiveCfg = Debug|Any CPU
		{8F32C98E-A43C-4544-8E40-9EDE2CBFE427}.Debug|x86.Build.0 = Debug|Any CPU
		{8F32C98E-A43C-4544-8E40-9EDE2CBFE427}.Release|Any CPU.ActiveCfg = Release|Any CPU
		{8F32C98E-A43C-4544-8E40-9EDE2CBFE427}.Release|Any CPU.Build.0 = Release|Any CPU
		{8F32C98E-A43C-4544-8E40-9EDE2CBFE427}.Release|x64.ActiveCfg = Release|Any CPU
		{8F32C98E-A43C-4544-8E40-9EDE2CBFE427}.Release|x64.Build.0 = Release|Any CPU
		{8F32C98E-A43C-4544-8E40-9EDE2CBFE427}.Release|x86.ActiveCfg = Release|Any CPU
		{8F32C98E-A43C-4544-8E40-9EDE2CBFE427}.Release|x86.Build.0 = Release|Any CPU
	EndGlobalSection
EndGlobal
